
Microsoft Visual Studio Solution File, Format Version 12.00
# Visual Studio Version 17
VisualStudioVersion = 17.7.34031.279
MinimumVisualStudioVersion = 10.0.40219.1
Project("{9A19103F-16F7-4668-BE54-9A1E7A4F7556}") = "C_sharp1k", "C_sharp1k\C_sharp1k.csproj", "{6DF8B686-D4E9-44CF-BED6-62FEC088A3B2}"
EndProject
Project("{9A19103F-16F7-4668-BE54-9A1E7A4F7556}") = "PartialClass", "PartialClass\PartialClass.csproj", "{4F5A3618-8AE1-4065-B189-D71441221850}"
EndProject
Project("{9A19103F-16F7-4668-BE54-9A1E7A4F7556}") = "Const_and_Readonly", "Const_and_Readonly\Const_and_Readonly.csproj", "{91DDBEBD-F5A4-4171-80B2-15DC1A96CE3E}"
EndProject
Project("{9A19103F-16F7-4668-BE54-9A1E7A4F7556}") = "Example_const_readonly", "Example_const_readonly\Example_const_readonly.csproj", "{73929C9A-71B9-4912-87D3-F6D7D45AC94D}"
EndProject
Project("{9A19103F-16F7-4668-BE54-9A1E7A4F7556}") = "obj_initialization_syntax", "obj_initialization_syntax\obj_initialization_syntax.csproj", "{5739FBC7-9205-442F-85B4-1E994E53AA30}"
EndProject
Project("{9A19103F-16F7-4668-BE54-9A1E7A4F7556}") = "obj_syntax_example", "obj_syntax_example\obj_syntax_example.csproj", "{3463B7CB-F1C8-4B81-84E3-16EE0D845358}"
EndProject
Project("{9A19103F-16F7-4668-BE54-9A1E7A4F7556}") = "inheritance", "inheritance\inheritance.csproj", "{D2C5D361-78A5-46E8-B895-622A0D3E7925}"
EndProject
Project("{9A19103F-16F7-4668-BE54-9A1E7A4F7556}") = "Inheritance_example", "Inheritance_example\Inheritance_example.csproj", "{314CD6A9-EEEC-43A6-8357-337F4C1D0359}"
EndProject
Project("{9A19103F-16F7-4668-BE54-9A1E7A4F7556}") = "Base", "Base\Base.csproj", "{46D66878-4493-4ED8-BA60-FE1F05B0651D}"
EndProject
Project("{9A19103F-16F7-4668-BE54-9A1E7A4F7556}") = "protected", "type_casting_inheritance\protected.csproj", "{4199F739-7A31-48AA-A015-D4DE49139CC1}"
EndProject
Project("{FAE04EC0-301F-11D3-BF4B-00C04F79EFBC}") = "Polimorphism", "Polimorphism\Polimorphism.csproj", "{AB8B0B53-75F9-421F-9263-A49E22F06C6F}"
EndProject
Project("{FAE04EC0-301F-11D3-BF4B-00C04F79EFBC}") = "polimorph_abstract", "polimorph_abstract\polimorph_abstract.csproj", "{032E4E93-90B3-464C-96F8-ABC903A6D281}"
EndProject
Project("{FAE04EC0-301F-11D3-BF4B-00C04F79EFBC}") = "Interface_and_polimorph", "Interface_and_polimorph\Interface_and_polimorph.csproj", "{776F3266-D0D4-4211-9DAB-E3EC8B4B2A96}"
EndProject
Project("{FAE04EC0-301F-11D3-BF4B-00C04F79EFBC}") = "Interface_realization", "Interface_realization\Interface_realization.csproj", "{7C5607E3-83E3-4004-B609-79FF03DA3BD5}"
EndProject
Project("{FAE04EC0-301F-11D3-BF4B-00C04F79EFBC}") = "explicit_implement_interface", "explicit_implement_interface\explicit_implement_interface.csproj", "{0A13FE7F-9A2E-45D2-882B-E0D7B97F1314}"
EndProject
Project("{FAE04EC0-301F-11D3-BF4B-00C04F79EFBC}") = "default_interface_implemention", "default_interface_implemention\default_interface_implemention.csproj", "{497310F3-E096-496F-A583-BB3058EC4E97}"
EndProject
Global
	GlobalSection(SolutionConfigurationPlatforms) = preSolution
		Debug|Any CPU = Debug|Any CPU
		Release|Any CPU = Release|Any CPU
	EndGlobalSection
	GlobalSection(ProjectConfigurationPlatforms) = postSolution
		{6DF8B686-D4E9-44CF-BED6-62FEC088A3B2}.Debug|Any CPU.ActiveCfg = Debug|Any CPU
		{6DF8B686-D4E9-44CF-BED6-62FEC088A3B2}.Debug|Any CPU.Build.0 = Debug|Any CPU
		{6DF8B686-D4E9-44CF-BED6-62FEC088A3B2}.Release|Any CPU.ActiveCfg = Release|Any CPU
		{6DF8B686-D4E9-44CF-BED6-62FEC088A3B2}.Release|Any CPU.Build.0 = Release|Any CPU
		{4F5A3618-8AE1-4065-B189-D71441221850}.Debug|Any CPU.ActiveCfg = Debug|Any CPU
		{4F5A3618-8AE1-4065-B189-D71441221850}.Debug|Any CPU.Build.0 = Debug|Any CPU
		{4F5A3618-8AE1-4065-B189-D71441221850}.Release|Any CPU.ActiveCfg = Release|Any CPU
		{4F5A3618-8AE1-4065-B189-D71441221850}.Release|Any CPU.Build.0 = Release|Any CPU
		{91DDBEBD-F5A4-4171-80B2-15DC1A96CE3E}.Debug|Any CPU.ActiveCfg = Debug|Any CPU
		{91DDBEBD-F5A4-4171-80B2-15DC1A96CE3E}.Debug|Any CPU.Build.0 = Debug|Any CPU
		{91DDBEBD-F5A4-4171-80B2-15DC1A96CE3E}.Release|Any CPU.ActiveCfg = Release|Any CPU
		{91DDBEBD-F5A4-4171-80B2-15DC1A96CE3E}.Release|Any CPU.Build.0 = Release|Any CPU
		{73929C9A-71B9-4912-87D3-F6D7D45AC94D}.Debug|Any CPU.ActiveCfg = Debug|Any CPU
		{73929C9A-71B9-4912-87D3-F6D7D45AC94D}.Debug|Any CPU.Build.0 = Debug|Any CPU
		{73929C9A-71B9-4912-87D3-F6D7D45AC94D}.Release|Any CPU.ActiveCfg = Release|Any CPU
		{73929C9A-71B9-4912-87D3-F6D7D45AC94D}.Release|Any CPU.Build.0 = Release|Any CPU
		{5739FBC7-9205-442F-85B4-1E994E53AA30}.Debug|Any CPU.ActiveCfg = Debug|Any CPU
		{5739FBC7-9205-442F-85B4-1E994E53AA30}.Debug|Any CPU.Build.0 = Debug|Any CPU
		{5739FBC7-9205-442F-85B4-1E994E53AA30}.Release|Any CPU.ActiveCfg = Release|Any CPU
		{5739FBC7-9205-442F-85B4-1E994E53AA30}.Release|Any CPU.Build.0 = Release|Any CPU
		{3463B7CB-F1C8-4B81-84E3-16EE0D845358}.Debug|Any CPU.ActiveCfg = Debug|Any CPU
		{3463B7CB-F1C8-4B81-84E3-16EE0D845358}.Debug|Any CPU.Build.0 = Debug|Any CPU
		{3463B7CB-F1C8-4B81-84E3-16EE0D845358}.Release|Any CPU.ActiveCfg = Release|Any CPU
		{3463B7CB-F1C8-4B81-84E3-16EE0D845358}.Release|Any CPU.Build.0 = Release|Any CPU
		{D2C5D361-78A5-46E8-B895-622A0D3E7925}.Debug|Any CPU.ActiveCfg = Debug|Any CPU
		{D2C5D361-78A5-46E8-B895-622A0D3E7925}.Debug|Any CPU.Build.0 = Debug|Any CPU
		{D2C5D361-78A5-46E8-B895-622A0D3E7925}.Release|Any CPU.ActiveCfg = Release|Any CPU
		{D2C5D361-78A5-46E8-B895-622A0D3E7925}.Release|Any CPU.Build.0 = Release|Any CPU
		{314CD6A9-EEEC-43A6-8357-337F4C1D0359}.Debug|Any CPU.ActiveCfg = Debug|Any CPU
		{314CD6A9-EEEC-43A6-8357-337F4C1D0359}.Debug|Any CPU.Build.0 = Debug|Any CPU
		{314CD6A9-EEEC-43A6-8357-337F4C1D0359}.Release|Any CPU.ActiveCfg = Release|Any CPU
		{314CD6A9-EEEC-43A6-8357-337F4C1D0359}.Release|Any CPU.Build.0 = Release|Any CPU
		{46D66878-4493-4ED8-BA60-FE1F05B0651D}.Debug|Any CPU.ActiveCfg = Debug|Any CPU
		{46D66878-4493-4ED8-BA60-FE1F05B0651D}.Debug|Any CPU.Build.0 = Debug|Any CPU
		{46D66878-4493-4ED8-BA60-FE1F05B0651D}.Release|Any CPU.ActiveCfg = Release|Any CPU
		{46D66878-4493-4ED8-BA60-FE1F05B0651D}.Release|Any CPU.Build.0 = Release|Any CPU
		{4199F739-7A31-48AA-A015-D4DE49139CC1}.Debug|Any CPU.ActiveCfg = Debug|Any CPU
		{4199F739-7A31-48AA-A015-D4DE49139CC1}.Debug|Any CPU.Build.0 = Debug|Any CPU
		{4199F739-7A31-48AA-A015-D4DE49139CC1}.Release|Any CPU.ActiveCfg = Release|Any CPU
		{4199F739-7A31-48AA-A015-D4DE49139CC1}.Release|Any CPU.Build.0 = Release|Any CPU
		{AB8B0B53-75F9-421F-9263-A49E22F06C6F}.Debug|Any CPU.ActiveCfg = Debug|Any CPU
		{AB8B0B53-75F9-421F-9263-A49E22F06C6F}.Debug|Any CPU.Build.0 = Debug|Any CPU
		{AB8B0B53-75F9-421F-9263-A49E22F06C6F}.Release|Any CPU.ActiveCfg = Release|Any CPU
		{AB8B0B53-75F9-421F-9263-A49E22F06C6F}.Release|Any CPU.Build.0 = Release|Any CPU
		{032E4E93-90B3-464C-96F8-ABC903A6D281}.Debug|Any CPU.ActiveCfg = Debug|Any CPU
		{032E4E93-90B3-464C-96F8-ABC903A6D281}.Debug|Any CPU.Build.0 = Debug|Any CPU
		{032E4E93-90B3-464C-96F8-ABC903A6D281}.Release|Any CPU.ActiveCfg = Release|Any CPU
		{032E4E93-90B3-464C-96F8-ABC903A6D281}.Release|Any CPU.Build.0 = Release|Any CPU
		{776F3266-D0D4-4211-9DAB-E3EC8B4B2A96}.Debug|Any CPU.ActiveCfg = Debug|Any CPU
		{776F3266-D0D4-4211-9DAB-E3EC8B4B2A96}.Debug|Any CPU.Build.0 = Debug|Any CPU
		{776F3266-D0D4-4211-9DAB-E3EC8B4B2A96}.Release|Any CPU.ActiveCfg = Release|Any CPU
		{776F3266-D0D4-4211-9DAB-E3EC8B4B2A96}.Release|Any CPU.Build.0 = Release|Any CPU
		{7C5607E3-83E3-4004-B609-79FF03DA3BD5}.Debug|Any CPU.ActiveCfg = Debug|Any CPU
		{7C5607E3-83E3-4004-B609-79FF03DA3BD5}.Debug|Any CPU.Build.0 = Debug|Any CPU
		{7C5607E3-83E3-4004-B609-79FF03DA3BD5}.Release|Any CPU.ActiveCfg = Release|Any CPU
		{7C5607E3-83E3-4004-B609-79FF03DA3BD5}.Release|Any CPU.Build.0 = Release|Any CPU
		{0A13FE7F-9A2E-45D2-882B-E0D7B97F1314}.Debug|Any CPU.ActiveCfg = Debug|Any CPU
		{0A13FE7F-9A2E-45D2-882B-E0D7B97F1314}.Debug|Any CPU.Build.0 = Debug|Any CPU
		{0A13FE7F-9A2E-45D2-882B-E0D7B97F1314}.Release|Any CPU.ActiveCfg = Release|Any CPU
		{0A13FE7F-9A2E-45D2-882B-E0D7B97F1314}.Release|Any CPU.Build.0 = Release|Any CPU
		{497310F3-E096-496F-A583-BB3058EC4E97}.Debug|Any CPU.ActiveCfg = Debug|Any CPU
		{497310F3-E096-496F-A583-BB3058EC4E97}.Debug|Any CPU.Build.0 = Debug|Any CPU
		{497310F3-E096-496F-A583-BB3058EC4E97}.Release|Any CPU.ActiveCfg = Release|Any CPU
		{497310F3-E096-496F-A583-BB3058EC4E97}.Release|Any CPU.Build.0 = Release|Any CPU
	EndGlobalSection
	GlobalSection(SolutionProperties) = preSolution
		HideSolutionNode = FALSE
	EndGlobalSection
	GlobalSection(ExtensibilityGlobals) = postSolution
		SolutionGuid = {D7C1C65B-B3D1-43A5-901A-9657A4FBC01D}
	EndGlobalSection
EndGlobal
